
Microsoft Visual Studio Solution File, Format Version 12.00
# Visual Studio Version 17
VisualStudioVersion = 17.4.33205.214
MinimumVisualStudioVersion = 10.0.40219.1
Project("{9A19103F-16F7-4668-BE54-9A1E7A4F7556}") = "RegexRename", "src\RegexRename\RegexRename.csproj", "{7B5DDABE-5091-4940-8FBB-106BB4BB4DDD}"
EndProject
Project("{9A19103F-16F7-4668-BE54-9A1E7A4F7556}") = "RegexRename.Tests", "test\RegexRename.Tests\RegexRename.Tests.csproj", "{47AE385C-9618-42D6-AA9E-09747674EDFB}"
EndProject
Project("{2150E333-8FDC-42A3-9474-1A3956D46DE8}") = "Solution Items", "Solution Items", "{7F18F258-1E7D-4D77-ACD1-6DFCBA499D62}"
	ProjectSection(SolutionItems) = preProject
		.editorconfig = .editorconfig
		.gitattributes = .gitattributes
		.gitignore = .gitignore
		LICENSE = LICENSE
		publish-local.cmd = publish-local.cmd
		README.md = README.md
	EndProjectSection
EndProject
Global
	GlobalSection(SolutionConfigurationPlatforms) = preSolution
		Debug|Any CPU = Debug|Any CPU
		Release|Any CPU = Release|Any CPU
	EndGlobalSection
	GlobalSection(ProjectConfigurationPlatforms) = postSolution
		{7B5DDABE-5091-4940-8FBB-106BB4BB4DDD}.Debug|Any CPU.ActiveCfg = Debug|Any CPU
		{7B5DDABE-5091-4940-8FBB-106BB4BB4DDD}.Debug|Any CPU.Build.0 = Debug|Any CPU
		{7B5DDABE-5091-4940-8FBB-106BB4BB4DDD}.Release|Any CPU.ActiveCfg = Release|Any CPU
		{7B5DDABE-5091-4940-8FBB-106BB4BB4DDD}.Release|Any CPU.Build.0 = Release|Any CPU
		{47AE385C-9618-42D6-AA9E-09747674EDFB}.Debug|Any CPU.ActiveCfg = Debug|Any CPU
		{47AE385C-9618-42D6-AA9E-09747674EDFB}.Debug|Any CPU.Build.0 = Debug|Any CPU
		{47AE385C-9618-42D6-AA9E-09747674EDFB}.Release|Any CPU.ActiveCfg = Release|Any CPU
		{47AE385C-9618-42D6-AA9E-09747674EDFB}.Release|Any CPU.Build.0 = Release|Any CPU
	EndGlobalSection
	GlobalSection(SolutionProperties) = preSolution
		HideSolutionNode = FALSE
	EndGlobalSection
	GlobalSection(ExtensibilityGlobals) = postSolution
		SolutionGuid = {41346086-2BFD-48B4-8B53-50DA29DF5451}
	EndGlobalSection
EndGlobal
